PODS:
  - Alamofire (4.9.0)
  - CocoaLumberjack (3.5.3):
    - CocoaLumberjack/Core (= 3.5.3)
  - CocoaLumberjack/Core (3.5.3)
  - PromiseKit (6.11.0):
    - PromiseKit/CorePromise (= 6.11.0)
    - PromiseKit/Foundation (= 6.11.0)
    - PromiseKit/UIKit (= 6.11.0)
  - PromiseKit/CorePromise (6.11.0)
  - PromiseKit/Foundation (6.11.0):
    - PromiseKit/CorePromise
  - PromiseKit/UIKit (6.11.0):
    - PromiseKit/CorePromise
  - SwiftyJSON (5.0.0)

DEPENDENCIES:
  - Alamofire
  - CocoaLumberjack
  - PromiseKit
  - SwiftyJSON

SPEC REPOS:
  https://github.com/cocoapods/specs.git:
    - Alamofire
    - CocoaLumberjack
    - PromiseKit
    - SwiftyJSON

SPEC CHECKSUMS:
  Alamofire: afc3e7c6db61476cb45cdd23fed06bad03bbc321
  CocoaLumberjack: 2f44e60eb91c176d471fdba43b9e3eae6a721947
  PromiseKit: e4863d06976e7dee5e41c04fc7371c16b3600292
  SwiftyJSON: 36413e04c44ee145039d332b4f4e2d3e8d6c4db7

PODFILE CHECKSUM: 433c49b88b9f6b56c53e0528a41d9a68e6480416

COCOAPODS: 1.7.5
