// !$*UTF8*$!
{
	archiveVersion = 1;
	classes = {
	};
	objectVersion = 51;
	objects = {

/* Begin PBXBuildFile section */
		11ECF5742334D2E900BD96DA /* AppDelegate.swift in Sources */ = {isa = PBXBuildFile; fileRef = 11ECF5732334D2E900BD96DA /* AppDelegate.swift */; };
		11ECF5762334D2E900BD96DA /* ViewController.swift in Sources */ = {isa = PBXBuildFile; fileRef = 11ECF5752334D2E900BD96DA /* ViewController.swift */; };
		11ECF5792334D2E900BD96DA /* Main.storyboard in Resources */ = {isa = PBXBuildFile; fileRef = 11ECF5772334D2E900BD96DA /* Main.storyboard */; };
		11ECF57B2334D2EA00BD96DA /* Assets.xcassets in Resources */ = {isa = PBXBuildFile; fileRef = 11ECF57A2334D2EA00BD96DA /* Assets.xcassets */; };
		11ECF57E2334D2EA00BD96DA /* LaunchScreen.storyboard in Resources */ = {isa = PBXBuildFile; fileRef = 11ECF57C2334D2EA00BD96DA /* LaunchScreen.storyboard */; };
		11ECF5892334D2EA00BD96DA /* MVVMTests.swift in Sources */ = {isa = PBXBuildFile; fileRef = 11ECF5882334D2EA00BD96DA /* MVVMTests.swift */; };
		11ECF5942334D2EA00BD96DA /* MVVMUITests.swift in Sources */ = {isa = PBXBuildFile; fileRef = 11ECF5932334D2EA00BD96DA /* MVVMUITests.swift */; };
		11ECF5A72334D42B00BD96DA /* LoginViewController.swift in Sources */ = {isa = PBXBuildFile; fileRef = 11ECF5A62334D42B00BD96DA /* LoginViewController.swift */; };
		11ECF5AA2334D46400BD96DA /* Login.storyboard in Resources */ = {isa = PBXBuildFile; fileRef = 11ECF5A92334D46400BD96DA /* Login.storyboard */; };
		11ECF5AC2334D74E00BD96DA /* LoginModel.swift in Sources */ = {isa = PBXBuildFile; fileRef = 11ECF5AB2334D74E00BD96DA /* LoginModel.swift */; };
		11ECF5AF2334DD8300BD96DA /* HeaderComponent.swift in Sources */ = {isa = PBXBuildFile; fileRef = 11ECF5AE2334DD8300BD96DA /* HeaderComponent.swift */; };
		11ECF5B12334DDAF00BD96DA /* HeaderComponent.xib in Resources */ = {isa = PBXBuildFile; fileRef = 11ECF5B02334DDAF00BD96DA /* HeaderComponent.xib */; };
		E718AB1A693B86BA960232F1 /* Pods_MVVM.framework in Frameworks */ = {isa = PBXBuildFile; fileRef = 926BDC211D1AD182692AA5CF /* Pods_MVVM.framework */; };
/* End PBXBuildFile section */

/* Begin PBXContainerItemProxy section */
		11ECF5852334D2EA00BD96DA /* PBXContainerItemProxy */ = {
			isa = PBXContainerItemProxy;
			containerPortal = 11ECF5682334D2E800BD96DA /* Project object */;
			proxyType = 1;
			remoteGlobalIDString = 11ECF56F2334D2E900BD96DA;
			remoteInfo = MVVM;
		};
		11ECF5902334D2EA00BD96DA /* PBXContainerItemProxy */ = {
			isa = PBXContainerItemProxy;
			containerPortal = 11ECF5682334D2E800BD96DA /* Project object */;
			proxyType = 1;
			remoteGlobalIDString = 11ECF56F2334D2E900BD96DA;
			remoteInfo = MVVM;
		};
/* End PBXContainerItemProxy section */

/* Begin PBXFileReference section */
		11ECF5702334D2E900BD96DA /* MVVM.app */ = {isa = PBXFileReference; explicitFileType = wrapper.application; includeInIndex = 0; path = MVVM.app; sourceTree = BUILT_PRODUCTS_DIR; };
		11ECF5732334D2E900BD96DA /* AppDelegate.swift */ = {isa = PBXFileReference; lastKnownFileType = sourcecode.swift; path = AppDelegate.swift; sourceTree = "<group>"; };
		11ECF5752334D2E900BD96DA /* ViewController.swift */ = {isa = PBXFileReference; lastKnownFileType = sourcecode.swift; path = ViewController.swift; sourceTree = "<group>"; };
		11ECF5782334D2E900BD96DA /* Base */ = {isa = PBXFileReference; lastKnownFileType = file.storyboard; name = Base; path = Base.lproj/Main.storyboard; sourceTree = "<group>"; };
		11ECF57A2334D2EA00BD96DA /* Assets.xcassets */ = {isa = PBXFileReference; lastKnownFileType = folder.assetcatalog; path = Assets.xcassets; sourceTree = "<group>"; };
		11ECF57D2334D2EA00BD96DA /* Base */ = {isa = PBXFileReference; lastKnownFileType = file.storyboard; name = Base; path = Base.lproj/LaunchScreen.storyboard; sourceTree = "<group>"; };
		11ECF57F2334D2EA00BD96DA /* Info.plist */ = {isa = PBXFileReference; lastKnownFileType = text.plist.xml; path = Info.plist; sourceTree = "<group>"; };
		11ECF5842334D2EA00BD96DA /* MVVMTests.xctest */ = {isa = PBXFileReference; explicitFileType = wrapper.cfbundle; includeInIndex = 0; path = MVVMTests.xctest; sourceTree = BUILT_PRODUCTS_DIR; };
		11ECF5882334D2EA00BD96DA /* MVVMTests.swift */ = {isa = PBXFileReference; lastKnownFileType = sourcecode.swift; path = MVVMTests.swift; sourceTree = "<group>"; };
		11ECF58A2334D2EA00BD96DA /* Info.plist */ = {isa = PBXFileReference; lastKnownFileType = text.plist.xml; path = Info.plist; sourceTree = "<group>"; };
		11ECF58F2334D2EA00BD96DA /* MVVMUITests.xctest */ = {isa = PBXFileReference; explicitFileType = wrapper.cfbundle; includeInIndex = 0; path = MVVMUITests.xctest; sourceTree = BUILT_PRODUCTS_DIR; };
		11ECF5932334D2EA00BD96DA /* MVVMUITests.swift */ = {isa = PBXFileReference; lastKnownFileType = sourcecode.swift; path = MVVMUITests.swift; sourceTree = "<group>"; };
		11ECF5952334D2EA00BD96DA /* Info.plist */ = {isa = PBXFileReference; lastKnownFileType = text.plist.xml; path = Info.plist; sourceTree = "<group>"; };
		11ECF5A62334D42B00BD96DA /* LoginViewController.swift */ = {isa = PBXFileReference; lastKnownFileType = sourcecode.swift; name = LoginViewController.swift; path = MVVM/LOGIN/LoginViewController.swift; sourceTree = SOURCE_ROOT; };
		11ECF5A92334D46400BD96DA /* Login.storyboard */ = {isa = PBXFileReference; lastKnownFileType = file.storyboard; path = Login.storyboard; sourceTree = "<group>"; };
		11ECF5AB2334D74E00BD96DA /* LoginModel.swift */ = {isa = PBXFileReference; lastKnownFileType = sourcecode.swift; name = LoginModel.swift; path = MVVM/LOGIN/LoginModel.swift; sourceTree = SOURCE_ROOT; };
		11ECF5AE2334DD8300BD96DA /* HeaderComponent.swift */ = {isa = PBXFileReference; lastKnownFileType = sourcecode.swift; path = HeaderComponent.swift; sourceTree = "<group>"; };
		11ECF5B02334DDAF00BD96DA /* HeaderComponent.xib */ = {isa = PBXFileReference; lastKnownFileType = file.xib; path = HeaderComponent.xib; sourceTree = "<group>"; };
		20E62CAFBC11CBAD244F866C /* Pods-MVVM.release.xcconfig */ = {isa = PBXFileReference; includeInIndex = 1; lastKnownFileType = text.xcconfig; name = "Pods-MVVM.release.xcconfig"; path = "Target Support Files/Pods-MVVM/Pods-MVVM.release.xcconfig"; sourceTree = "<group>"; };
		444E46258D80B48660475DE3 /* Pods-MVVM.debug.xcconfig */ = {isa = PBXFileReference; includeInIndex = 1; lastKnownFileType = text.xcconfig; name = "Pods-MVVM.debug.xcconfig"; path = "Target Support Files/Pods-MVVM/Pods-MVVM.debug.xcconfig"; sourceTree = "<group>"; };
		926BDC211D1AD182692AA5CF /* Pods_MVVM.framework */ = {isa = PBXFileReference; explicitFileType = wrapper.framework; includeInIndex = 0; path = Pods_MVVM.framework; sourceTree = BUILT_PRODUCTS_DIR; };
/* End PBXFileReference section */

/* Begin PBXFrameworksBuildPhase section */
		11ECF56D2334D2E900BD96DA /* Frameworks */ = {
			isa = PBXFrameworksBuildPhase;
			buildActionMask = 2147483647;
			files = (
				E718AB1A693B86BA960232F1 /* Pods_MVVM.framework in Frameworks */,
			);
			runOnlyForDeploymentPostprocessing = 0;
		};
		11ECF5812334D2EA00BD96DA /* Frameworks */ = {
			isa = PBXFrameworksBuildPhase;
			buildActionMask = 2147483647;
			files = (
			);
			runOnlyForDeploymentPostprocessing = 0;
		};
		11ECF58C2334D2EA00BD96DA /* Frameworks */ = {
			isa = PBXFrameworksBuildPhase;
			buildActionMask = 2147483647;
			files = (
			);
			runOnlyForDeploymentPostprocessing = 0;
		};
/* End PBXFrameworksBuildPhase section */

/* Begin PBXGroup section */
		11ECF5672334D2E800BD96DA = {
			isa = PBXGroup;
			children = (
				11ECF5722334D2E900BD96DA /* MVVM */,
				11ECF5872334D2EA00BD96DA /* MVVMTests */,
				11ECF5922334D2EA00BD96DA /* MVVMUITests */,
				11ECF5712334D2E900BD96DA /* Products */,
				E07F4887F357E3B8A3F18AC0 /* Pods */,
				98A420AED31D0322F8A44BAE /* Frameworks */,
			);
			sourceTree = "<group>";
		};
		11ECF5712334D2E900BD96DA /* Products */ = {
			isa = PBXGroup;
			children = (
				11ECF5702334D2E900BD96DA /* MVVM.app */,
				11ECF5842334D2EA00BD96DA /* MVVMTests.xctest */,
				11ECF58F2334D2EA00BD96DA /* MVVMUITests.xctest */,
			);
			name = Products;
			sourceTree = "<group>";
		};
		11ECF5722334D2E900BD96DA /* MVVM */ = {
			isa = PBXGroup;
			children = (
				11ECF5AD2334DD5D00BD96DA /* Components */,
				11ECF5A82334D44A00BD96DA /* Storyboard */,
				11ECF5A42334D38500BD96DA /* Login */,
				11ECF5732334D2E900BD96DA /* AppDelegate.swift */,
				11ECF5752334D2E900BD96DA /* ViewController.swift */,
				11ECF5772334D2E900BD96DA /* Main.storyboard */,
				11ECF57A2334D2EA00BD96DA /* Assets.xcassets */,
				11ECF57C2334D2EA00BD96DA /* LaunchScreen.storyboard */,
				11ECF57F2334D2EA00BD96DA /* Info.plist */,
			);
			path = MVVM;
			sourceTree = "<group>";
		};
		11ECF5872334D2EA00BD96DA /* MVVMTests */ = {
			isa = PBXGroup;
			children = (
				11ECF5882334D2EA00BD96DA /* MVVMTests.swift */,
				11ECF58A2334D2EA00BD96DA /* Info.plist */,
			);
			path = MVVMTests;
			sourceTree = "<group>";
		};
		11ECF5922334D2EA00BD96DA /* MVVMUITests */ = {
			isa = PBXGroup;
			children = (
				11ECF5932334D2EA00BD96DA /* MVVMUITests.swift */,
				11ECF5952334D2EA00BD96DA /* Info.plist */,
			);
			path = MVVMUITests;
			sourceTree = "<group>";
		};
		11ECF5A42334D38500BD96DA /* Login */ = {
			isa = PBXGroup;
			children = (
				11ECF5A62334D42B00BD96DA /* LoginViewController.swift */,
				11ECF5AB2334D74E00BD96DA /* LoginModel.swift */,
			);
			path = Login;
			sourceTree = "<group>";
		};
		11ECF5A82334D44A00BD96DA /* Storyboard */ = {
			isa = PBXGroup;
			children = (
				11ECF5A92334D46400BD96DA /* Login.storyboard */,
			);
			path = Storyboard;
			sourceTree = "<group>";
		};
		11ECF5AD2334DD5D00BD96DA /* Components */ = {
			isa = PBXGroup;
			children = (
				11ECF5B22334DDEA00BD96DA /* Header */,
			);
			path = Components;
			sourceTree = "<group>";
		};
		11ECF5B22334DDEA00BD96DA /* Header */ = {
			isa = PBXGroup;
			children = (
				11ECF5AE2334DD8300BD96DA /* HeaderComponent.swift */,
				11ECF5B02334DDAF00BD96DA /* HeaderComponent.xib */,
			);
			path = Header;
			sourceTree = "<group>";
		};
		98A420AED31D0322F8A44BAE /* Frameworks */ = {
			isa = PBXGroup;
			children = (
				926BDC211D1AD182692AA5CF /* Pods_MVVM.framework */,
			);
			name = Frameworks;
			sourceTree = "<group>";
		};
		E07F4887F357E3B8A3F18AC0 /* Pods */ = {
			isa = PBXGroup;
			children = (
				444E46258D80B48660475DE3 /* Pods-MVVM.debug.xcconfig */,
				20E62CAFBC11CBAD244F866C /* Pods-MVVM.release.xcconfig */,
			);
			path = Pods;
			sourceTree = "<group>";
		};
/* End PBXGroup section */

/* Begin PBXNativeTarget section */
		11ECF56F2334D2E900BD96DA /* MVVM */ = {
			isa = PBXNativeTarget;
			buildConfigurationList = 11ECF5982334D2EA00BD96DA /* Build configuration list for PBXNativeTarget "MVVM" */;
			buildPhases = (
				4111097A5A929E9A72236D5A /* [CP] Check Pods Manifest.lock */,
				11ECF56C2334D2E900BD96DA /* Sources */,
				11ECF56D2334D2E900BD96DA /* Frameworks */,
				11ECF56E2334D2E900BD96DA /* Resources */,
				ACE6925CE2E6E0F7ADF232FB /* [CP] Embed Pods Frameworks */,
			);
			buildRules = (
			);
			dependencies = (
			);
			name = MVVM;
			productName = MVVM;
			productReference = 11ECF5702334D2E900BD96DA /* MVVM.app */;
			productType = "com.apple.product-type.application";
		};
		11ECF5832334D2EA00BD96DA /* MVVMTests */ = {
			isa = PBXNativeTarget;
			buildConfigurationList = 11ECF59B2334D2EA00BD96DA /* Build configuration list for PBXNativeTarget "MVVMTests" */;
			buildPhases = (
				11ECF5802334D2EA00BD96DA /* Sources */,
				11ECF5812334D2EA00BD96DA /* Frameworks */,
				11ECF5822334D2EA00BD96DA /* Resources */,
			);
			buildRules = (
			);
			dependencies = (
				11ECF5862334D2EA00BD96DA /* PBXTargetDependency */,
			);
			name = MVVMTests;
			productName = MVVMTests;
			productReference = 11ECF5842334D2EA00BD96DA /* MVVMTests.xctest */;
			productType = "com.apple.product-type.bundle.unit-test";
		};
		11ECF58E2334D2EA00BD96DA /* MVVMUITests */ = {
			isa = PBXNativeTarget;
			buildConfigurationList = 11ECF59E2334D2EA00BD96DA /* Build configuration list for PBXNativeTarget "MVVMUITests" */;
			buildPhases = (
				11ECF58B2334D2EA00BD96DA /* Sources */,
				11ECF58C2334D2EA00BD96DA /* Frameworks */,
				11ECF58D2334D2EA00BD96DA /* Resources */,
			);
			buildRules = (
			);
			dependencies = (
				11ECF5912334D2EA00BD96DA /* PBXTargetDependency */,
			);
			name = MVVMUITests;
			productName = MVVMUITests;
			productReference = 11ECF58F2334D2EA00BD96DA /* MVVMUITests.xctest */;
			productType = "com.apple.product-type.bundle.ui-testing";
		};
/* End PBXNativeTarget section */

/* Begin PBXProject section */
		11ECF5682334D2E800BD96DA /* Project object */ = {
			isa = PBXProject;
			attributes = {
				LastSwiftUpdateCheck = 1030;
				LastUpgradeCheck = 1030;
				ORGANIZATIONNAME = Telkom;
				TargetAttributes = {
					11ECF56F2334D2E900BD96DA = {
						CreatedOnToolsVersion = 10.3;
					};
					11ECF5832334D2EA00BD96DA = {
						CreatedOnToolsVersion = 10.3;
						TestTargetID = 11ECF56F2334D2E900BD96DA;
					};
					11ECF58E2334D2EA00BD96DA = {
						CreatedOnToolsVersion = 10.3;
						TestTargetID = 11ECF56F2334D2E900BD96DA;
					};
				};
			};
			buildConfigurationList = 11ECF56B2334D2E800BD96DA /* Build configuration list for PBXProject "MVVM" */;
			compatibilityVersion = "Xcode 9.3";
			developmentRegion = en;
			hasScannedForEncodings = 0;
			knownRegions = (
				en,
				Base,
			);
			mainGroup = 11ECF5672334D2E800BD96DA;
			productRefGroup = 11ECF5712334D2E900BD96DA /* Products */;
			projectDirPath = "";
			projectRoot = "";
			targets = (
				11ECF56F2334D2E900BD96DA /* MVVM */,
				11ECF5832334D2EA00BD96DA /* MVVMTests */,
				11ECF58E2334D2EA00BD96DA /* MVVMUITests */,
			);
		};
/* End PBXProject section */

/* Begin PBXResourcesBuildPhase section */
		11ECF56E2334D2E900BD96DA /* Resources */ = {
			isa = PBXResourcesBuildPhase;
			buildActionMask = 2147483647;
			files = (
				11ECF5AA2334D46400BD96DA /* Login.storyboard in Resources */,
				11ECF5B12334DDAF00BD96DA /* HeaderComponent.xib in Resources */,
				11ECF57E2334D2EA00BD96DA /* LaunchScreen.storyboard in Resources */,
				11ECF57B2334D2EA00BD96DA /* Assets.xcassets in Resources */,
				11ECF5792334D2E900BD96DA /* Main.storyboard in Resources */,
			);
			runOnlyForDeploymentPostprocessing = 0;
		};
		11ECF5822334D2EA00BD96DA /* Resources */ = {
			isa = PBXResourcesBuildPhase;
			buildActionMask = 2147483647;
			files = (
			);
			runOnlyForDeploymentPostprocessing = 0;
		};
		11ECF58D2334D2EA00BD96DA /* Resources */ = {
			isa = PBXResourcesBuildPhase;
			buildActionMask = 2147483647;
			files = (
			);
			runOnlyForDeploymentPostprocessing = 0;
		};
/* End PBXResourcesBuildPhase section */

/* Begin PBXShellScriptBuildPhase section */
		4111097A5A929E9A72236D5A /* [CP] Check Pods Manifest.lock */ = {
			isa = PBXShellScriptBuildPhase;
			buildActionMask = 2147483647;
			files = (
			);
			inputFileListPaths = (
			);
			inputPaths = (
				"${PODS_PODFILE_DIR_PATH}/Podfile.lock",
				"${PODS_ROOT}/Manifest.lock",
			);
			name = "[CP] Check Pods Manifest.lock";
			outputFileListPaths = (
			);
			outputPaths = (
				"$(DERIVED_FILE_DIR)/Pods-MVVM-checkManifestLockResult.txt",
			);
			runOnlyForDeploymentPostprocessing = 0;
			shellPath = /bin/sh;
			shellScript = "diff \"${PODS_PODFILE_DIR_PATH}/Podfile.lock\" \"${PODS_ROOT}/Manifest.lock\" > /dev/null\nif [ $? != 0 ] ; then\n    # print error to STDERR\n    echo \"error: The sandbox is not in sync with the Podfile.lock. Run 'pod install' or update your CocoaPods installation.\" >&2\n    exit 1\nfi\n# This output is used by Xcode 'outputs' to avoid re-running this script phase.\necho \"SUCCESS\" > \"${SCRIPT_OUTPUT_FILE_0}\"\n";
			showEnvVarsInLog = 0;
		};
		ACE6925CE2E6E0F7ADF232FB /* [CP] Embed Pods Frameworks */ = {
			isa = PBXShellScriptBuildPhase;
			buildActionMask = 2147483647;
			files = (
			);
			inputFileListPaths = (
				"${PODS_ROOT}/Target Support Files/Pods-MVVM/Pods-MVVM-frameworks-${CONFIGURATION}-input-files.xcfilelist",
			);
			name = "[CP] Embed Pods Frameworks";
			outputFileListPaths = (
				"${PODS_ROOT}/Target Support Files/Pods-MVVM/Pods-MVVM-frameworks-${CONFIGURATION}-output-files.xcfilelist",
			);
			runOnlyForDeploymentPostprocessing = 0;
			shellPath = /bin/sh;
			shellScript = "\"${PODS_ROOT}/Target Support Files/Pods-MVVM/Pods-MVVM-frameworks.sh\"\n";
			showEnvVarsInLog = 0;
		};
/* End PBXShellScriptBuildPhase section */

/* Begin PBXSourcesBuildPhase section */
		11ECF56C2334D2E900BD96DA /* Sources */ = {
			isa = PBXSourcesBuildPhase;
			buildActionMask = 2147483647;
			files = (
				11ECF5AF2334DD8300BD96DA /* HeaderComponent.swift in Sources */,
				11ECF5A72334D42B00BD96DA /* LoginViewController.swift in Sources */,
				11ECF5AC2334D74E00BD96DA /* LoginModel.swift in Sources */,
				11ECF5762334D2E900BD96DA /* ViewController.swift in Sources */,
				11ECF5742334D2E900BD96DA /* AppDelegate.swift in Sources */,
			);
			runOnlyForDeploymentPostprocessing = 0;
		};
		11ECF5802334D2EA00BD96DA /* Sources */ = {
			isa = PBXSourcesBuildPhase;
			buildActionMask = 2147483647;
			files = (
				11ECF5892334D2EA00BD96DA /* MVVMTests.swift in Sources */,
			);
			runOnlyForDeploymentPostprocessing = 0;
		};
		11ECF58B2334D2EA00BD96DA /* Sources */ = {
			isa = PBXSourcesBuildPhase;
			buildActionMask = 2147483647;
			files = (
				11ECF5942334D2EA00BD96DA /* MVVMUITests.swift in Sources */,
			);
			runOnlyForDeploymentPostprocessing = 0;
		};
/* End PBXSourcesBuildPhase section */

/* Begin PBXTargetDependency section */
		11ECF5862334D2EA00BD96DA /* PBXTargetDependency */ = {
			isa = PBXTargetDependency;
			target = 11ECF56F2334D2E900BD96DA /* MVVM */;
			targetProxy = 11ECF5852334D2EA00BD96DA /* PBXContainerItemProxy */;
		};
		11ECF5912334D2EA00BD96DA /* PBXTargetDependency */ = {
			isa = PBXTargetDependency;
			target = 11ECF56F2334D2E900BD96DA /* MVVM */;
			targetProxy = 11ECF5902334D2EA00BD96DA /* PBXContainerItemProxy */;
		};
/* End PBXTargetDependency section */

/* Begin PBXVariantGroup section */
		11ECF5772334D2E900BD96DA /* Main.storyboard */ = {
			isa = PBXVariantGroup;
			children = (
				11ECF5782334D2E900BD96DA /* Base */,
			);
			name = Main.storyboard;
			sourceTree = "<group>";
		};
		11ECF57C2334D2EA00BD96DA /* LaunchScreen.storyboard */ = {
			isa = PBXVariantGroup;
			children = (
				11ECF57D2334D2EA00BD96DA /* Base */,
			);
			name = LaunchScreen.storyboard;
			sourceTree = "<group>";
		};
/* End PBXVariantGroup section */

/* Begin XCBuildConfiguration section */
		11ECF5962334D2EA00BD96DA /* Debug */ = {
			isa = XCBuildConfiguration;
			buildSettings = {
				ALWAYS_SEARCH_USER_PATHS = NO;
				CLANG_ANALYZER_NONNULL = YES;
				CLANG_ANALYZER_NUMBER_OBJECT_CONVERSION = YES_AGGRESSIVE;
				CLANG_CXX_LANGUAGE_STANDARD = "gnu++14";
				CLANG_CXX_LIBRARY = "libc++";
				CLANG_ENABLE_MODULES = YES;
				CLANG_ENABLE_OBJC_ARC = YES;
				CLANG_ENABLE_OBJC_WEAK = YES;
				CLANG_WARN_BLOCK_CAPTURE_AUTORELEASING = YES;
				CLANG_WARN_BOOL_CONVERSION = YES;
				CLANG_WARN_COMMA = YES;
				CLANG_WARN_CONSTANT_CONVERSION = YES;
				CLANG_WARN_DEPRECATED_OBJC_IMPLEMENTATIONS = YES;
				CLANG_WARN_DIRECT_OBJC_ISA_USAGE = YES_ERROR;
				CLANG_WARN_DOCUMENTATION_COMMENTS = YES;
				CLANG_WARN_EMPTY_BODY = YES;
				CLANG_WARN_ENUM_CONVERSION = YES;
				CLANG_WARN_INFINITE_RECURSION = YES;
				CLANG_WARN_INT_CONVERSION = YES;
				CLANG_WARN_NON_LITERAL_NULL_CONVERSION = YES;
				CLANG_WARN_OBJC_IMPLICIT_RETAIN_SELF = YES;
				CLANG_WARN_OBJC_LITERAL_CONVERSION = YES;
				CLANG_WARN_OBJC_ROOT_CLASS = YES_ERROR;
				CLANG_WARN_RANGE_LOOP_ANALYSIS = YES;
				CLANG_WARN_STRICT_PROTOTYPES = YES;
				CLANG_WARN_SUSPICIOUS_MOVE = YES;
				CLANG_WARN_UNGUARDED_AVAILABILITY = YES_AGGRESSIVE;
				CLANG_WARN_UNREACHABLE_CODE = YES;
				CLANG_WARN__DUPLICATE_METHOD_MATCH = YES;
				CODE_SIGN_IDENTITY = "iPhone Developer";
				COPY_PHASE_STRIP = NO;
				DEBUG_INFORMATION_FORMAT = dwarf;
				ENABLE_STRICT_OBJC_MSGSEND = YES;
				ENABLE_TESTABILITY = YES;
				GCC_C_LANGUAGE_STANDARD = gnu11;
				GCC_DYNAMIC_NO_PIC = NO;
				GCC_NO_COMMON_BLOCKS = YES;
				GCC_OPTIMIZATION_LEVEL = 0;
				GCC_PREPROCESSOR_DEFINITIONS = (
					"DEBUG=1",
					"$(inherited)",
				);
				GCC_WARN_64_TO_32_BIT_CONVERSION = YES;
				GCC_WARN_ABOUT_RETURN_TYPE = YES_ERROR;
				GCC_WARN_UNDECLARED_SELECTOR = YES;
				GCC_WARN_UNINITIALIZED_AUTOS = YES_AGGRESSIVE;
				GCC_WARN_UNUSED_FUNCTION = YES;
				GCC_WARN_UNUSED_VARIABLE = YES;
				IPHONEOS_DEPLOYMENT_TARGET = 12.4;
				MTL_ENABLE_DEBUG_INFO = INCLUDE_SOURCE;
				MTL_FAST_MATH = YES;
				ONLY_ACTIVE_ARCH = YES;
				SDKROOT = iphoneos;
				SWIFT_ACTIVE_COMPILATION_CONDITIONS = DEBUG;
				SWIFT_OPTIMIZATION_LEVEL = "-Onone";
			};
			name = Debug;
		};
		11ECF5972334D2EA00BD96DA /* Release */ = {
			isa = XCBuildConfiguration;
			buildSettings = {
				ALWAYS_SEARCH_USER_PATHS = NO;
				CLANG_ANALYZER_NONNULL = YES;
				CLANG_ANALYZER_NUMBER_OBJECT_CONVERSION = YES_AGGRESSIVE;
				CLANG_CXX_LANGUAGE_STANDARD = "gnu++14";
				CLANG_CXX_LIBRARY = "libc++";
				CLANG_ENABLE_MODULES = YES;
				CLANG_ENABLE_OBJC_ARC = YES;
				CLANG_ENABLE_OBJC_WEAK = YES;
				CLANG_WARN_BLOCK_CAPTURE_AUTORELEASING = YES;
				CLANG_WARN_BOOL_CONVERSION = YES;
				CLANG_WARN_COMMA = YES;
				CLANG_WARN_CONSTANT_CONVERSION = YES;
				CLANG_WARN_DEPRECATED_OBJC_IMPLEMENTATIONS = YES;
				CLANG_WARN_DIRECT_OBJC_ISA_USAGE = YES_ERROR;
				CLANG_WARN_DOCUMENTATION_COMMENTS = YES;
				CLANG_WARN_EMPTY_BODY = YES;
				CLANG_WARN_ENUM_CONVERSION = YES;
				CLANG_WARN_INFINITE_RECURSION = YES;
				CLANG_WARN_INT_CONVERSION = YES;
				CLANG_WARN_NON_LITERAL_NULL_CONVERSION = YES;
				CLANG_WARN_OBJC_IMPLICIT_RETAIN_SELF = YES;
				CLANG_WARN_OBJC_LITERAL_CONVERSION = YES;
				CLANG_WARN_OBJC_ROOT_CLASS = YES_ERROR;
				CLANG_WARN_RANGE_LOOP_ANALYSIS = YES;
				CLANG_WARN_STRICT_PROTOTYPES = YES;
				CLANG_WARN_SUSPICIOUS_MOVE = YES;
				CLANG_WARN_UNGUARDED_AVAILABILITY = YES_AGGRESSIVE;
				CLANG_WARN_UNREACHABLE_CODE = YES;
				CLANG_WARN__DUPLICATE_METHOD_MATCH = YES;
				CODE_SIGN_IDENTITY = "iPhone Developer";
				COPY_PHASE_STRIP = NO;
				DEBUG_INFORMATION_FORMAT = "dwarf-with-dsym";
				ENABLE_NS_ASSERTIONS = NO;
				ENABLE_STRICT_OBJC_MSGSEND = YES;
				GCC_C_LANGUAGE_STANDARD = gnu11;
				GCC_NO_COMMON_BLOCKS = YES;
				GCC_WARN_64_TO_32_BIT_CONVERSION = YES;
				GCC_WARN_ABOUT_RETURN_TYPE = YES_ERROR;
				GCC_WARN_UNDECLARED_SELECTOR = YES;
				GCC_WARN_UNINITIALIZED_AUTOS = YES_AGGRESSIVE;
				GCC_WARN_UNUSED_FUNCTION = YES;
				GCC_WARN_UNUSED_VARIABLE = YES;
				IPHONEOS_DEPLOYMENT_TARGET = 12.4;
				MTL_ENABLE_DEBUG_INFO = NO;
				MTL_FAST_MATH = YES;
				SDKROOT = iphoneos;
				SWIFT_COMPILATION_MODE = wholemodule;
				SWIFT_OPTIMIZATION_LEVEL = "-O";
				VALIDATE_PRODUCT = YES;
			};
			name = Release;
		};
		11ECF5992334D2EA00BD96DA /* Debug */ = {
			isa = XCBuildConfiguration;
			baseConfigurationReference = 444E46258D80B48660475DE3 /* Pods-MVVM.debug.xcconfig */;
			buildSettings = {
				ASSETCATALOG_COMPILER_APPICON_NAME = AppIcon;
				CODE_SIGN_STYLE = Automatic;
				INFOPLIST_FILE = MVVM/Info.plist;
				LD_RUNPATH_SEARCH_PATHS = (
					"$(inherited)",
					"@executable_path/Frameworks",
				);
				PRODUCT_BUNDLE_IDENTIFIER = dev.telkom.MVVM;
				PRODUCT_NAME = "$(TARGET_NAME)";
				SWIFT_VERSION = 5.0;
				TARGETED_DEVICE_FAMILY = "1,2";
			};
			name = Debug;
		};
		11ECF59A2334D2EA00BD96DA /* Release */ = {
			isa = XCBuildConfiguration;
			baseConfigurationReference = 20E62CAFBC11CBAD244F866C /* Pods-MVVM.release.xcconfig */;
			buildSettings = {
				ASSETCATALOG_COMPILER_APPICON_NAME = AppIcon;
				CODE_SIGN_STYLE = Automatic;
				INFOPLIST_FILE = MVVM/Info.plist;
				LD_RUNPATH_SEARCH_PATHS = (
					"$(inherited)",
					"@executable_path/Frameworks",
				);
				PRODUCT_BUNDLE_IDENTIFIER = dev.telkom.MVVM;
				PRODUCT_NAME = "$(TARGET_NAME)";
				SWIFT_VERSION = 5.0;
				TARGETED_DEVICE_FAMILY = "1,2";
			};
			name = Release;
		};
		11ECF59C2334D2EA00BD96DA /* Debug */ = {
			isa = XCBuildConfiguration;
			buildSettings = {
				ALWAYS_EMBED_SWIFT_STANDARD_LIBRARIES = YES;
				BUNDLE_LOADER = "$(TEST_HOST)";
				CODE_SIGN_STYLE = Automatic;
				INFOPLIST_FILE = MVVMTests/Info.plist;
				LD_RUNPATH_SEARCH_PATHS = (
					"$(inherited)",
					"@executable_path/Frameworks",
					"@loader_path/Frameworks",
				);
				PRODUCT_BUNDLE_IDENTIFIER = dev.telkom.MVVMTests;
				PRODUCT_NAME = "$(TARGET_NAME)";
				SWIFT_VERSION = 5.0;
				TARGETED_DEVICE_FAMILY = "1,2";
				TEST_HOST = "$(BUILT_PRODUCTS_DIR)/MVVM.app/MVVM";
			};
			name = Debug;
		};
		11ECF59D2334D2EA00BD96DA /* Release */ = {
			isa = XCBuildConfiguration;
			buildSettings = {
				ALWAYS_EMBED_SWIFT_STANDARD_LIBRARIES = YES;
				BUNDLE_LOADER = "$(TEST_HOST)";
				CODE_SIGN_STYLE = Automatic;
				INFOPLIST_FILE = MVVMTests/Info.plist;
				LD_RUNPATH_SEARCH_PATHS = (
					"$(inherited)",
					"@executable_path/Frameworks",
					"@loader_path/Frameworks",
				);
				PRODUCT_BUNDLE_IDENTIFIER = dev.telkom.MVVMTests;
				PRODUCT_NAME = "$(TARGET_NAME)";
				SWIFT_VERSION = 5.0;
				TARGETED_DEVICE_FAMILY = "1,2";
				TEST_HOST = "$(BUILT_PRODUCTS_DIR)/MVVM.app/MVVM";
			};
			name = Release;
		};
		11ECF59F2334D2EA00BD96DA /* Debug */ = {
			isa = XCBuildConfiguration;
			buildSettings = {
				ALWAYS_EMBED_SWIFT_STANDARD_LIBRARIES = YES;
				CODE_SIGN_STYLE = Automatic;
				INFOPLIST_FILE = MVVMUITests/Info.plist;
				LD_RUNPATH_SEARCH_PATHS = (
					"$(inherited)",
					"@executable_path/Frameworks",
					"@loader_path/Frameworks",
				);
				PRODUCT_BUNDLE_IDENTIFIER = dev.telkom.MVVMUITests;
				PRODUCT_NAME = "$(TARGET_NAME)";
				SWIFT_VERSION = 5.0;
				TARGETED_DEVICE_FAMILY = "1,2";
				TEST_TARGET_NAME = MVVM;
			};
			name = Debug;
		};
		11ECF5A02334D2EA00BD96DA /* Release */ = {
			isa = XCBuildConfiguration;
			buildSettings = {
				ALWAYS_EMBED_SWIFT_STANDARD_LIBRARIES = YES;
				CODE_SIGN_STYLE = Automatic;
				INFOPLIST_FILE = MVVMUITests/Info.plist;
				LD_RUNPATH_SEARCH_PATHS = (
					"$(inherited)",
					"@executable_path/Frameworks",
					"@loader_path/Frameworks",
				);
				PRODUCT_BUNDLE_IDENTIFIER = dev.telkom.MVVMUITests;
				PRODUCT_NAME = "$(TARGET_NAME)";
				SWIFT_VERSION = 5.0;
				TARGETED_DEVICE_FAMILY = "1,2";
				TEST_TARGET_NAME = MVVM;
			};
			name = Release;
		};
/* End XCBuildConfiguration section */

/* Begin XCConfigurationList section */
		11ECF56B2334D2E800BD96DA /* Build configuration list for PBXProject "MVVM" */ = {
			isa = XCConfigurationList;
			buildConfigurations = (
				11ECF5962334D2EA00BD96DA /* Debug */,
				11ECF5972334D2EA00BD96DA /* Release */,
			);
			defaultConfigurationIsVisible = 0;
			defaultConfigurationName = Release;
		};
		11ECF5982334D2EA00BD96DA /* Build configuration list for PBXNativeTarget "MVVM" */ = {
			isa = XCConfigurationList;
			buildConfigurations = (
				11ECF5992334D2EA00BD96DA /* Debug */,
				11ECF59A2334D2EA00BD96DA /* Release */,
			);
			defaultConfigurationIsVisible = 0;
			defaultConfigurationName = Release;
		};
		11ECF59B2334D2EA00BD96DA /* Build configuration list for PBXNativeTarget "MVVMTests" */ = {
			isa = XCConfigurationList;
			buildConfigurations = (
				11ECF59C2334D2EA00BD96DA /* Debug */,
				11ECF59D2334D2EA00BD96DA /* Release */,
			);
			defaultConfigurationIsVisible = 0;
			defaultConfigurationName = Release;
		};
		11ECF59E2334D2EA00BD96DA /* Build configuration list for PBXNativeTarget "MVVMUITests" */ = {
			isa = XCConfigurationList;
			buildConfigurations = (
				11ECF59F2334D2EA00BD96DA /* Debug */,
				11ECF5A02334D2EA00BD96DA /* Release */,
			);
			defaultConfigurationIsVisible = 0;
			defaultConfigurationName = Release;
		};
/* End XCConfigurationList section */
	};
	rootObject = 11ECF5682334D2E800BD96DA /* Project object */;
}
